// !$*UTF8*$!
{
	archiveVersion = 1;
	classes = {
	};
	objectVersion = 77;
	objects = {

/* Begin PBXBuildFile section */
		F58A11CF306A587D007F86EE /* WidgetKit.framework in Frameworks */ = {isa = PBXBuildFile; fileRef = F58A11CE306A587D007F86EE /* WidgetKit.framework */; };
		F58A11D1306A587D007F86EE /* SwiftUI.framework in Frameworks */ = {isa = PBXBuildFile; fileRef = F58A11D0306A587D007F86EE /* SwiftUI.framework */; };
		F58A11DE306A587E007F86EE /* Habit Core WidgetExtension.appex in Embed Foundation Extensions */ = {isa = PBXBuildFile; fileRef = F58A11CC306A587D007F86EE /* Habit Core WidgetExtension.appex */; settings = {ATTRIBUTES = (RemoveHeadersOnCopy, ); }; };
/* End PBXBuildFile section */

/* Begin PBXContainerItemProxy section */
		F58A11DC306A587E007F86EE /* PBXContainerItemProxy */ = {
			isa = PBXContainerItemProxy;
			containerPortal = F5BE6AA12F6C6E090001EF7F /* Project object */;
			proxyType = 1;
			remoteGlobalIDString = F58A11CB306A587D007F86EE;
			remoteInfo = "Habit Core WidgetExtension";
		};
		F5BE6ABE2F6C6E0B0001EF7F /* PBXContainerItemProxy */ = {
			isa = PBXContainerItemProxy;
			containerPortal = F5BE6AA12F6C6E090001EF7F /* Project object */;
			proxyType = 1;
			remoteGlobalIDString = F5BE6AA82F6C6E090001EF7F;
			remoteInfo = "Habit Core";
		};
		F5BE6AC82F6C6E0B0001EF7F /* PBXContainerItemProxy */ = {
			isa = PBXContainerItemProxy;
			containerPortal = F5BE6AA12F6C6E090001EF7F /* Project object */;
			proxyType = 1;
			remoteGlobalIDString = F5BE6AA82F6C6E090001EF7F;
			remoteInfo = "Habit Core";
		};
/* End PBXContainerItemProxy section */

/* Begin PBXCopyFilesBuildPhase section */
		F58A11E3306A587E007F86EE /* Embed Foundation Extensions */ = {
			isa = PBXCopyFilesBuildPhase;
			buildActionMask = 2147483647;
			dstPath = "";
			dstSubfolderSpec = 13;
			files = (
				F58A11DE306A587E007F86EE /* Habit Core WidgetExtension.appex in Embed Foundation Extensions */,
			);
			name = "Embed Foundation Extensions";
			runOnlyForDeploymentPostprocessing = 0;
		};
/* End PBXCopyFilesBuildPhase section */

/* Begin PBXFileReference section */
		F58A11CC306A587D007F86EE /* Habit Core WidgetExtension.appex */ = {isa = PBXFileReference; explicitFileType = "wrapper.app-extension"; includeInIndex = 0; path = "Habit Core WidgetExtension.appex"; sourceTree = BUILT_PRODUCTS_DIR; };
		F58A11CE306A587D007F86EE /* WidgetKit.framework */ = {isa = PBXFileReference; lastKnownFileType = wrapper.framework; name = WidgetKit.framework; path = System/Library/Frameworks/WidgetKit.framework; sourceTree = SDKROOT; };
		F58A11D0306A587D007F86EE /* SwiftUI.framework */ = {isa = PBXFileReference; lastKnownFileType = wrapper.framework; name = SwiftUI.framework; path = System/Library/Frameworks/SwiftUI.framework; sourceTree = SDKROOT; };
		F58A11E4306A599B007F86EE /* Habit Core WidgetExtension.entitlements */ = {isa = PBXFileReference; lastKnownFileType = text.plist.entitlements; path = "Habit Core WidgetExtension.entitlements"; sourceTree = "<group>"; };
		F5BE6AA92F6C6E090001EF7F /* Habit Core.app */ = {isa = PBXFileReference; explicitFileType = wrapper.application; includeInIndex = 0; path = "Habit Core.app"; sourceTree = BUILT_PRODUCTS_DIR; };
		F5BE6ABD2F6C6E0B0001EF7F /* Habit CoreTests.xctest */ = {isa = PBXFileReference; explicitFileType = wrapper.cfbundle; includeInIndex = 0; path = "Habit CoreTests.xctest"; sourceTree = BUILT_PRODUCTS_DIR; };
		F5BE6AC72F6C6E0B0001EF7F /* Habit CoreUITests.xctest */ = {isa = PBXFileReference; explicitFileType = wrapper.cfbundle; includeInIndex = 0; path = "Habit CoreUITests.xctest"; sourceTree = BUILT_PRODUCTS_DIR; };
/* End PBXFileReference section */

/* Begin PBXFileSystemSynchronizedBuildFileExceptionSet section */
		F58A11E2306A587E007F86EE /* Exceptions for "Habit Core Widget" folder in "Habit Core WidgetExtension" target */ = {
			isa = PBXFileSystemSynchronizedBuildFileExceptionSet;
			membershipExceptions = (
				Info.plist,
			);
			target = F58A11CB306A587D007F86EE /* Habit Core WidgetExtension */;
		};
		F58A11E6306A5E73007F86EE /* Exceptions for "Habit Core" folder in "Habit Core WidgetExtension" target */ = {
			isa = PBXFileSystemSynchronizedBuildFileExceptionSet;
			membershipExceptions = (
				"Extensions/Color+Hex.swift",
				"Extensions/Habit+Period.swift",
				Localizable.xcstrings,
				Models/Habit.swift,
				Models/HabitEntry.swift,
				Shared/HabitStats.swift,
				Shared/HeatmapGrid.swift,
				Shared/SharedStore.swift,
				Shared/StatsRow.swift,
			);
			target = F58A11CB306A587D007F86EE /* Habit Core WidgetExtension */;
		};
		F5BE6ACF2F6C6E0B0001EF7F /* Exceptions for "Habit Core" folder in "Habit Core" target */ = {
			isa = PBXFileSystemSynchronizedBuildFileExceptionSet;
			membershipExceptions = (
				Info.plist,
			);
			target = F5BE6AA82F6C6E090001EF7F /* Habit Core */;
		};
/* End PBXFileSystemSynchronizedBuildFileExceptionSet section */

/* Begin PBXFileSystemSynchronizedRootGroup section */
		F58A11D2306A587D007F86EE /* Habit Core Widget */ = {
			isa = PBXFileSystemSynchronizedRootGroup;
			exceptions = (
				F58A11E2306A587E007F86EE /* Exceptions for "Habit Core Widget" folder in "Habit Core WidgetExtension" target */,
			);
			path = "Habit Core Widget";
			sourceTree = "<group>";
		};
		F5BE6AAB2F6C6E090001EF7F /* Habit Core */ = {
			isa = PBXFileSystemSynchronizedRootGroup;
			exceptions = (
				F5BE6ACF2F6C6E0B0001EF7F /* Exceptions for "Habit Core" folder in "Habit Core" target */,
				F58A11E6306A5E73007F86EE /* Exceptions for "Habit Core" folder in "Habit Core WidgetExtension" target */,
			);
			path = "Habit Core";
			sourceTree = "<group>";
		};
		F5BE6AC02F6C6E0B0001EF7F /* Habit CoreTests */ = {
			isa = PBXFileSystemSynchronizedRootGroup;
			path = "Habit CoreTests";
			sourceTree = "<group>";
		};
		F5BE6ACA2F6C6E0B0001EF7F /* Habit CoreUITests */ = {
			isa = PBXFileSystemSynchronizedRootGroup;
			path = "Habit CoreUITests";
			sourceTree = "<group>";
		};
/* End PBXFileSystemSynchronizedRootGroup section */

/* Begin PBXFrameworksBuildPhase section */
		F58A11C9306A587D007F86EE /* Frameworks */ = {
			isa = PBXFrameworksBuildPhase;
			buildActionMask = 2147483647;
			files = (
				F58A11D1306A587D007F86EE /* SwiftUI.framework in Frameworks */,
				F58A11CF306A587D007F86EE /* WidgetKit.framework in Frameworks */,
			);
			runOnlyForDeploymentPostprocessing = 0;
		};
		F5BE6AA62F6C6E090001EF7F /* Frameworks */ = {
			isa = PBXFrameworksBuildPhase;
			buildActionMask = 2147483647;
			files = (
			);
			runOnlyForDeploymentPostprocessing = 0;
		};
		F5BE6ABA2F6C6E0B0001EF7F /* Frameworks */ = {
			isa = PBXFrameworksBuildPhase;
			buildActionMask = 2147483647;
			files = (
			);
			runOnlyForDeploymentPostprocessing = 0;
		};
		F5BE6AC42F6C6E0B0001EF7F /* Frameworks */ = {
			isa = PBXFrameworksBuildPhase;
			buildActionMask = 2147483647;
			files = (
			);
			runOnlyForDeploymentPostprocessing = 0;
		};
/* End PBXFrameworksBuildPhase section */

/* Begin PBXGroup section */
		F58A11CD306A587D007F86EE /* Frameworks */ = {
			isa = PBXGroup;
			children = (
				F58A11CE306A587D007F86EE /* WidgetKit.framework */,
				F58A11D0306A587D007F86EE /* SwiftUI.framework */,
			);
			name = Frameworks;
			sourceTree = "<group>";
		};
		F5BE6AA02F6C6E090001EF7F = {
			isa = PBXGroup;
			children = (
				F58A11E4306A599B007F86EE /* Habit Core WidgetExtension.entitlements */,
				F5BE6AAB2F6C6E090001EF7F /* Habit Core */,
				F5BE6AC02F6C6E0B0001EF7F /* Habit CoreTests */,
				F5BE6ACA2F6C6E0B0001EF7F /* Habit CoreUITests */,
				F58A11D2306A587D007F86EE /* Habit Core Widget */,
				F58A11CD306A587D007F86EE /* Frameworks */,
				F5BE6AAA2F6C6E090001EF7F /* Products */,
			);
			sourceTree = "<group>";
		};
		F5BE6AAA2F6C6E090001EF7F /* Products */ = {
			isa = PBXGroup;
			children = (
				F5BE6AA92F6C6E090001EF7F /* Habit Core.app */,
				F5BE6ABD2F6C6E0B0001EF7F /* Habit CoreTests.xctest */,
				F5BE6AC72F6C6E0B0001EF7F /* Habit CoreUITests.xctest */,
				F58A11CC306A587D007F86EE /* Habit Core WidgetExtension.appex */,
			);
			name = Products;
			sourceTree = "<group>";
		};
/* End PBXGroup section */

/* Begin PBXNativeTarget section */
		F58A11CB306A587D007F86EE /* Habit Core WidgetExtension */ = {
			isa = PBXNativeTarget;
			buildConfigurationList = F58A11DF306A587E007F86EE /* Build configuration list for PBXNativeTarget "Habit Core WidgetExtension" */;
			buildPhases = (
				F58A11C8306A587D007F86EE /* Sources */,
				F58A11C9306A587D007F86EE /* Frameworks */,
				F58A11CA306A587D007F86EE /* Resources */,
			);
			buildRules = (
			);
			dependencies = (
			);
			fileSystemSynchronizedGroups = (
				F58A11D2306A587D007F86EE /* Habit Core Widget */,
			);
			name = "Habit Core WidgetExtension";
			packageProductDependencies = (
			);
			productName = "Habit Core WidgetExtension";
			productReference = F58A11CC306A587D007F86EE /* Habit Core WidgetExtension.appex */;
			productType = "com.apple.product-type.app-extension";
		};
		F5BE6AA82F6C6E090001EF7F /* Habit Core */ = {
			isa = PBXNativeTarget;
			buildConfigurationList = F5BE6AD02F6C6E0B0001EF7F /* Build configuration list for PBXNativeTarget "Habit Core" */;
			buildPhases = (
				F5BE6AA52F6C6E090001EF7F /* Sources */,
				F5BE6AA62F6C6E090001EF7F /* Frameworks */,
				F5BE6AA72F6C6E090001EF7F /* Resources */,
				F58A11E3306A587E007F86EE /* Embed Foundation Extensions */,
			);
			buildRules = (
			);
			dependencies = (
				F58A11DD306A587E007F86EE /* PBXTargetDependency */,
			);
			fileSystemSynchronizedGroups = (
				F5BE6AAB2F6C6E090001EF7F /* Habit Core */,
			);
			name = "Habit Core";
			packageProductDependencies = (
			);
			productName = "Habit Core";
			productReference = F5BE6AA92F6C6E090001EF7F /* Habit Core.app */;
			productType = "com.apple.product-type.application";
		};
		F5BE6ABC2F6C6E0B0001EF7F /* Habit CoreTests */ = {
			isa = PBXNativeTarget;
			buildConfigurationList = F5BE6AD52F6C6E0B0001EF7F /* Build configuration list for PBXNativeTarget "Habit CoreTests" */;
			buildPhases = (
				F5BE6AB92F6C6E0B0001EF7F /* Sources */,
				F5BE6ABA2F6C6E0B0001EF7F /* Frameworks */,
				F5BE6ABB2F6C6E0B0001EF7F /* Resources */,
			);
			buildRules = (
			);
			dependencies = (
				F5BE6ABF2F6C6E0B0001EF7F /* PBXTargetDependency */,
			);
			fileSystemSynchronizedGroups = (
				F5BE6AC02F6C6E0B0001EF7F /* Habit CoreTests */,
			);
			name = "Habit CoreTests";
			packageProductDependencies = (
			);
			productName = "Habit CoreTests";
			productReference = F5BE6ABD2F6C6E0B0001EF7F /* Habit CoreTests.xctest */;
			productType = "com.apple.product-type.bundle.unit-test";
		};
		F5BE6AC62F6C6E0B0001EF7F /* Habit CoreUITests */ = {
			isa = PBXNativeTarget;
			buildConfigurationList = F5BE6AD82F6C6E0B0001EF7F /* Build configuration list for PBXNativeTarget "Habit CoreUITests" */;
			buildPhases = (
				F5BE6AC32F6C6E0B0001EF7F /* Sources */,
				F5BE6AC42F6C6E0B0001EF7F /* Frameworks */,
				F5BE6AC52F6C6E0B0001EF7F /* Resources */,
			);
			buildRules = (
			);
			dependencies = (
				F5BE6AC92F6C6E0B0001EF7F /* PBXTargetDependency */,
			);
			fileSystemSynchronizedGroups = (
				F5BE6ACA2F6C6E0B0001EF7F /* Habit CoreUITests */,
			);
			name = "Habit CoreUITests";
			packageProductDependencies = (
			);
			productName = "Habit CoreUITests";
			productReference = F5BE6AC72F6C6E0B0001EF7F /* Habit CoreUITests.xctest */;
			productType = "com.apple.product-type.bundle.ui-testing";
		};
/* End PBXNativeTarget section */

/* Begin PBXProject section */
		F5BE6AA12F6C6E090001EF7F /* Project object */ = {
			isa = PBXProject;
			attributes = {
				BuildIndependentTargetsInParallel = 1;
				LastSwiftUpdateCheck = 2700;
				LastUpgradeCheck = 2700;
				TargetAttributes = {
					F58A11CB306A587D007F86EE = {
						CreatedOnToolsVersion = 27.0;
					};
					F5BE6AA82F6C6E090001EF7F = {
						CreatedOnToolsVersion = 26.3;
					};
					F5BE6ABC2F6C6E0B0001EF7F = {
						CreatedOnToolsVersion = 26.3;
						TestTargetID = F5BE6AA82F6C6E090001EF7F;
					};
					F5BE6AC62F6C6E0B0001EF7F = {
						CreatedOnToolsVersion = 26.3;
						TestTargetID = F5BE6AA82F6C6E090001EF7F;
					};
				};
			};
			buildConfigurationList = F5BE6AA42F6C6E090001EF7F /* Build configuration list for PBXProject "Habit Core" */;
			developmentRegion = en;
			hasScannedForEncodings = 0;
			knownRegions = (
				en,
				Base,
			);
			mainGroup = F5BE6AA02F6C6E090001EF7F;
			minimizedProjectReferenceProxies = 1;
			preferredProjectObjectVersion = 77;
			productRefGroup = F5BE6AAA2F6C6E090001EF7F /* Products */;
			projectDirPath = "";
			projectRoot = "";
			targets = (
				F5BE6AA82F6C6E090001EF7F /* Habit Core */,
				F5BE6ABC2F6C6E0B0001EF7F /* Habit CoreTests */,
				F5BE6AC62F6C6E0B0001EF7F /* Habit CoreUITests */,
				F58A11CB306A587D007F86EE /* Habit Core WidgetExtension */,
			);
		};
/* End PBXProject section */

/* Begin PBXResourcesBuildPhase section */
		F58A11CA306A587D007F86EE /* Resources */ = {
			isa = PBXResourcesBuildPhase;
			buildActionMask = 2147483647;
			files = (
			);
			runOnlyForDeploymentPostprocessing = 0;
		};
		F5BE6AA72F6C6E090001EF7F /* Resources */ = {
			isa = PBXResourcesBuildPhase;
			buildActionMask = 2147483647;
			files = (
			);
			runOnlyForDeploymentPostprocessing = 0;
		};
		F5BE6ABB2F6C6E0B0001EF7F /* Resources */ = {
			isa = PBXResourcesBuildPhase;
			buildActionMask = 2147483647;
			files = (
			);
			runOnlyForDeploymentPostprocessing = 0;
		};
		F5BE6AC52F6C6E0B0001EF7F /* Resources */ = {
			isa = PBXResourcesBuildPhase;
			buildActionMask = 2147483647;
			files = (
			);
			runOnlyForDeploymentPostprocessing = 0;
		};
/* End PBXResourcesBuildPhase section */

/* Begin PBXSourcesBuildPhase section */
		F58A11C8306A587D007F86EE /* Sources */ = {
			isa = PBXSourcesBuildPhase;
			buildActionMask = 2147483647;
			files = (
			);
			runOnlyForDeploymentPostprocessing = 0;
		};
		F5BE6AA52F6C6E090001EF7F /* Sources */ = {
			isa = PBXSourcesBuildPhase;
			buildActionMask = 2147483647;
			files = (
			);
			runOnlyForDeploymentPostprocessing = 0;
		};
		F5BE6AB92F6C6E0B0001EF7F /* Sources */ = {
			isa = PBXSourcesBuildPhase;
			buildActionMask = 2147483647;
			files = (
			);
			runOnlyForDeploymentPostprocessing = 0;
		};
		F5BE6AC32F6C6E0B0001EF7F /* Sources */ = {
			isa = PBXSourcesBuildPhase;
			buildActionMask = 2147483647;
			files = (
			);
			runOnlyForDeploymentPostprocessing = 0;
		};
/* End PBXSourcesBuildPhase section */

/* Begin PBXTargetDependency section */
		F58A11DD306A587E007F86EE /* PBXTargetDependency */ = {
			isa = PBXTargetDependency;
			target = F58A11CB306A587D007F86EE /* Habit Core WidgetExtension */;
			targetProxy = F58A11DC306A587E007F86EE /* PBXContainerItemProxy */;
		};
		F5BE6ABF2F6C6E0B0001EF7F /* PBXTargetDependency */ = {
			isa = PBXTargetDependency;
			target = F5BE6AA82F6C6E090001EF7F /* Habit Core */;
			targetProxy = F5BE6ABE2F6C6E0B0001EF7F /* PBXContainerItemProxy */;
		};
		F5BE6AC92F6C6E0B0001EF7F /* PBXTargetDependency */ = {
			isa = PBXTargetDependency;
			target = F5BE6AA82F6C6E090001EF7F /* Habit Core */;
			targetProxy = F5BE6AC82F6C6E0B0001EF7F /* PBXContainerItemProxy */;
		};
/* End PBXTargetDependency section */

/* Begin XCBuildConfiguration section */
		F58A11E0306A587E007F86EE /* Debug */ = {
			isa = XCBuildConfiguration;
			buildSettings = {
				ASSETCATALOG_COMPILER_GLOBAL_ACCENT_COLOR_NAME = AccentColor;
				ASSETCATALOG_COMPILER_WIDGET_BACKGROUND_COLOR_NAME = WidgetBackground;
				CODE_SIGN_ENTITLEMENTS = "Habit Core WidgetExtension.entitlements";
				CODE_SIGN_STYLE = Automatic;
				CURRENT_PROJECT_VERSION = 3;
				DEVELOPMENT_TEAM = GL68YHD2EQ;
				GENERATE_INFOPLIST_FILE = YES;
				INFOPLIST_FILE = "Habit Core Widget/Info.plist";
				INFOPLIST_KEY_CFBundleDisplayName = "Habit Core Widget";
				INFOPLIST_KEY_NSHumanReadableCopyright = "";
				IPHONEOS_DEPLOYMENT_TARGET = 26.2;
				LD_RUNPATH_SEARCH_PATHS = (
					"$(inherited)",
					"@executable_path/Frameworks",
					"@executable_path/../../Frameworks",
				);
				MARKETING_VERSION = 1.0.0;
				PRODUCT_BUNDLE_IDENTIFIER = "com.lukbro.atomichabits.Habit-Core-Widget";
				PRODUCT_NAME = "$(TARGET_NAME)";
				REGISTER_APP_GROUPS = YES;
				SKIP_INSTALL = YES;
				STRING_CATALOG_GENERATE_SYMBOLS = YES;
				SWIFT_APPROACHABLE_CONCURRENCY = YES;
				SWIFT_EMIT_LOC_STRINGS = YES;
				SWIFT_UPCOMING_FEATURE_MEMBER_IMPORT_VISIBILITY = YES;
				SWIFT_VERSION = 6.0;
				TARGETED_DEVICE_FAMILY = 1;
			};
			name = Debug;
		};
		F58A11E1306A587E007F86EE /* Release */ = {
			isa = XCBuildConfiguration;
			buildSettings = {
				ASSETCATALOG_COMPILER_GLOBAL_ACCENT_COLOR_NAME = AccentColor;
				ASSETCATALOG_COMPILER_WIDGET_BACKGROUND_COLOR_NAME = WidgetBackground;
				CODE_SIGN_ENTITLEMENTS = "Habit Core WidgetExtension.entitlements";
				CODE_SIGN_STYLE = Automatic;
				CURRENT_PROJECT_VERSION = 3;
				DEVELOPMENT_TEAM = GL68YHD2EQ;
				GENERATE_INFOPLIST_FILE = YES;
				INFOPLIST_FILE = "Habit Core Widget/Info.plist";
				INFOPLIST_KEY_CFBundleDisplayName = "Habit Core Widget";
				INFOPLIST_KEY_NSHumanReadableCopyright = "";
				IPHONEOS_DEPLOYMENT_TARGET = 26.2;
				LD_RUNPATH_SEARCH_PATHS = (
					"$(inherited)",
					"@executable_path/Frameworks",
					"@executable_path/../../Frameworks",
				);
				MARKETING_VERSION = 1.0.0;
				PRODUCT_BUNDLE_IDENTIFIER = "com.lukbro.atomichabits.Habit-Core-Widget";
				PRODUCT_NAME = "$(TARGET_NAME)";
				REGISTER_APP_GROUPS = YES;
				SKIP_INSTALL = YES;
				STRING_CATALOG_GENERATE_SYMBOLS = YES;
				SWIFT_APPROACHABLE_CONCURRENCY = YES;
				SWIFT_EMIT_LOC_STRINGS = YES;
				SWIFT_UPCOMING_FEATURE_MEMBER_IMPORT_VISIBILITY = YES;
				SWIFT_VERSION = 6.0;
				TARGETED_DEVICE_FAMILY = 1;
			};
			name = Release;
		};
		F5BE6AD12F6C6E0B0001EF7F /* Debug */ = {
			isa = XCBuildConfiguration;
			buildSettings = {
				ASSETCATALOG_COMPILER_APPICON_NAME = habit_core;
				ASSETCATALOG_COMPILER_GLOBAL_ACCENT_COLOR_NAME = AccentColor;
				CODE_SIGN_ENTITLEMENTS = "Habit Core/Habit_Core.entitlements";
				CODE_SIGN_STYLE = Automatic;
				CURRENT_PROJECT_VERSION = 3;
				DEVELOPMENT_TEAM = GL68YHD2EQ;
				ENABLE_PREVIEWS = YES;
				GENERATE_INFOPLIST_FILE = YES;
				INFOPLIST_FILE = "Habit Core/Info.plist";
				INFOPLIST_KEY_CFBundleDisplayName = "Habit Core";
				INFOPLIST_KEY_LSApplicationCategoryType = "public.app-category.lifestyle";
				INFOPLIST_KEY_UIApplicationSceneManifest_Generation = YES;
				INFOPLIST_KEY_UIApplicationSupportsIndirectInputEvents = YES;
				INFOPLIST_KEY_UILaunchScreen_Generation = YES;
				INFOPLIST_KEY_UISupportedInterfaceOrientations_iPad = "UIInterfaceOrientationPortrait UIInterfaceOrientationPortraitUpsideDown UIInterfaceOrientationLandscapeLeft UIInterfaceOrientationLandscapeRight";
				INFOPLIST_KEY_UISupportedInterfaceOrientations_iPhone = "UIInterfaceOrientationPortrait UIInterfaceOrientationLandscapeLeft UIInterfaceOrientationLandscapeRight";
				IPHONEOS_DEPLOYMENT_TARGET = 26.2;
				LD_RUNPATH_SEARCH_PATHS = (
					"$(inherited)",
					"@executable_path/Frameworks",
				);
				MARKETING_VERSION = 1.0.0;
				PRODUCT_BUNDLE_IDENTIFIER = com.lukbro.atomichabits;
				PRODUCT_NAME = "$(TARGET_NAME)";
				REGISTER_APP_GROUPS = YES;
				STRING_CATALOG_GENERATE_SYMBOLS = YES;
				SUPPORTS_MAC_DESIGNED_FOR_IPHONE_IPAD = NO;
				SUPPORTS_XR_DESIGNED_FOR_IPHONE_IPAD = NO;
				SWIFT_APPROACHABLE_CONCURRENCY = YES;
				SWIFT_DEFAULT_ACTOR_ISOLATION = MainActor;
				SWIFT_EMIT_LOC_STRINGS = YES;
				SWIFT_UPCOMING_FEATURE_MEMBER_IMPORT_VISIBILITY = YES;
				SWIFT_VERSION = 6.0;
				TARGETED_DEVICE_FAMILY = 1;
			};
			name = Debug;
		};
		F5BE6AD22F6C6E0B0001EF7F /* Release */ = {
			isa = XCBuildConfiguration;
			buildSettings = {
				ASSETCATALOG_COMPILER_APPICON_NAME = habit_core;
				ASSETCATALOG_COMPILER_GLOBAL_ACCENT_COLOR_NAME = AccentColor;
				CODE_SIGN_ENTITLEMENTS = "Habit Core/Habit_Core.entitlements";
				CODE_SIGN_STYLE = Automatic;
				CURRENT_PROJECT_VERSION = 3;
				DEVELOPMENT_TEAM = GL68YHD2EQ;
				ENABLE_PREVIEWS = YES;
				GENERATE_INFOPLIST_FILE = YES;
				INFOPLIST_FILE = "Habit Core/Info.plist";
				INFOPLIST_KEY_CFBundleDisplayName = "Habit Core";
				INFOPLIST_KEY_LSApplicationCategoryType = "public.app-category.lifestyle";
				INFOPLIST_KEY_UIApplicationSceneManifest_Generation = YES;
				INFOPLIST_KEY_UIApplicationSupportsIndirectInputEvents = YES;
				INFOPLIST_KEY_UILaunchScreen_Generation = YES;
				INFOPLIST_KEY_UISupportedInterfaceOrientations_iPad = "UIInterfaceOrientationPortrait UIInterfaceOrientationPortraitUpsideDown UIInterfaceOrientationLandscapeLeft UIInterfaceOrientationLandscapeRight";
				INFOPLIST_KEY_UISupportedInterfaceOrientations_iPhone = "UIInterfaceOrientationPortrait UIInterfaceOrientationLandscapeLeft UIInterfaceOrientationLandscapeRight";
				IPHONEOS_DEPLOYMENT_TARGET = 26.2;
				LD_RUNPATH_SEARCH_PATHS = (
					"$(inherited)",
					"@executable_path/Frameworks",
				);
				MARKETING_VERSION = 1.0.0;
				PRODUCT_BUNDLE_IDENTIFIER = com.lukbro.atomichabits;
				PRODUCT_NAME = "$(TARGET_NAME)";
				REGISTER_APP_GROUPS = YES;
				STRING_CATALOG_GENERATE_SYMBOLS = YES;
				SUPPORTS_MAC_DESIGNED_FOR_IPHONE_IPAD = NO;
				SUPPORTS_XR_DESIGNED_FOR_IPHONE_IPAD = NO;
				SWIFT_APPROACHABLE_CONCURRENCY = YES;
				SWIFT_DEFAULT_ACTOR_ISOLATION = MainActor;
				SWIFT_EMIT_LOC_STRINGS = YES;
				SWIFT_UPCOMING_FEATURE_MEMBER_IMPORT_VISIBILITY = YES;
				SWIFT_VERSION = 6.0;
				TARGETED_DEVICE_FAMILY = 1;
			};
			name = Release;
		};
		F5BE6AD32F6C6E0B0001EF7F /* Debug */ = {
			isa = XCBuildConfiguration;
			buildSettings = {
				ALWAYS_SEARCH_USER_PATHS = NO;
				ASSETCATALOG_COMPILER_GENERATE_SWIFT_ASSET_SYMBOL_EXTENSIONS = YES;
				CLANG_ANALYZER_NONNULL = YES;
				CLANG_ANALYZER_NUMBER_OBJECT_CONVERSION = YES_AGGRESSIVE;
				CLANG_CXX_LANGUAGE_STANDARD = "gnu++20";
				CLANG_ENABLE_MODULES = YES;
				CLANG_ENABLE_OBJC_ARC = YES;
				CLANG_ENABLE_OBJC_WEAK = YES;
				CLANG_WARN_BLOCK_CAPTURE_AUTORELEASING = YES;
				CLANG_WARN_BOOL_CONVERSION = YES;
				CLANG_WARN_COMMA = YES;
				CLANG_WARN_CONSTANT_CONVERSION = YES;
				CLANG_WARN_DEPRECATED_OBJC_IMPLEMENTATIONS = YES;
				CLANG_WARN_DIRECT_OBJC_ISA_USAGE = YES_ERROR;
				CLANG_WARN_DOCUMENTATION_COMMENTS = YES;
				CLANG_WARN_EMPTY_BODY = YES;
				CLANG_WARN_ENUM_CONVERSION = YES;
				CLANG_WARN_INFINITE_RECURSION = YES;
				CLANG_WARN_INT_CONVERSION = YES;
				CLANG_WARN_NON_LITERAL_NULL_CONVERSION = YES;
				CLANG_WARN_OBJC_IMPLICIT_RETAIN_SELF = YES;
				CLANG_WARN_OBJC_LITERAL_CONVERSION = YES;
				CLANG_WARN_OBJC_ROOT_CLASS = YES_ERROR;
				CLANG_WARN_QUOTED_INCLUDE_IN_FRAMEWORK_HEADER = YES;
				CLANG_WARN_RANGE_LOOP_ANALYSIS = YES;
				CLANG_WARN_STRICT_PROTOTYPES = YES;
				CLANG_WARN_SUSPICIOUS_MOVE = YES;
				CLANG_WARN_UNGUARDED_AVAILABILITY = YES_AGGRESSIVE;
				CLANG_WARN_UNREACHABLE_CODE = YES;
				CLANG_WARN__DUPLICATE_METHOD_MATCH = YES;
				COPY_PHASE_STRIP = NO;
				DEBUG_INFORMATION_FORMAT = dwarf;
				DEVELOPMENT_TEAM = GL68YHD2EQ;
				ENABLE_STRICT_OBJC_MSGSEND = YES;
				ENABLE_TESTABILITY = YES;
				ENABLE_USER_SCRIPT_SANDBOXING = YES;
				GCC_C_LANGUAGE_STANDARD = gnu17;
				GCC_DYNAMIC_NO_PIC = NO;
				GCC_NO_COMMON_BLOCKS = YES;
				GCC_OPTIMIZATION_LEVEL = 0;
				GCC_PREPROCESSOR_DEFINITIONS = (
					"DEBUG=1",
					"$(inherited)",
				);
				GCC_WARN_64_TO_32_BIT_CONVERSION = YES;
				GCC_WARN_ABOUT_RETURN_TYPE = YES_ERROR;
				GCC_WARN_UNDECLARED_SELECTOR = YES;
				GCC_WARN_UNINITIALIZED_AUTOS = YES_AGGRESSIVE;
				GCC_WARN_UNUSED_FUNCTION = YES;
				GCC_WARN_UNUSED_VARIABLE = YES;
				IPHONEOS_DEPLOYMENT_TARGET = 26.2;
				LOCALIZATION_PREFERS_STRING_CATALOGS = YES;
				MTL_ENABLE_DEBUG_INFO = INCLUDE_SOURCE;
				MTL_FAST_MATH = YES;
				ONLY_ACTIVE_ARCH = YES;
				SDKROOT = iphoneos;
				STRING_CATALOG_GENERATE_SYMBOLS = YES;
				SWIFT_ACTIVE_COMPILATION_CONDITIONS = "DEBUG $(inherited)";
				SWIFT_OPTIMIZATION_LEVEL = "-Onone";
			};
			name = Debug;
		};
		F5BE6AD42F6C6E0B0001EF7F /* Release */ = {
			isa = XCBuildConfiguration;
			buildSettings = {
				ALWAYS_SEARCH_USER_PATHS = NO;
				ASSETCATALOG_COMPILER_GENERATE_SWIFT_ASSET_SYMBOL_EXTENSIONS = YES;
				CLANG_ANALYZER_NONNULL = YES;
				CLANG_ANALYZER_NUMBER_OBJECT_CONVERSION = YES_AGGRESSIVE;
				CLANG_CXX_LANGUAGE_STANDARD = "gnu++20";
				CLANG_ENABLE_MODULES = YES;
				CLANG_ENABLE_OBJC_ARC = YES;
				CLANG_ENABLE_OBJC_WEAK = YES;
				CLANG_WARN_BLOCK_CAPTURE_AUTORELEASING = YES;
				CLANG_WARN_BOOL_CONVERSION = YES;
				CLANG_WARN_COMMA = YES;
				CLANG_WARN_CONSTANT_CONVERSION = YES;
				CLANG_WARN_DEPRECATED_OBJC_IMPLEMENTATIONS = YES;
				CLANG_WARN_DIRECT_OBJC_ISA_USAGE = YES_ERROR;
				CLANG_WARN_DOCUMENTATION_COMMENTS = YES;
				CLANG_WARN_EMPTY_BODY = YES;
				CLANG_WARN_ENUM_CONVERSION = YES;
				CLANG_WARN_INFINITE_RECURSION = YES;
				CLANG_WARN_INT_CONVERSION = YES;
				CLANG_WARN_NON_LITERAL_NULL_CONVERSION = YES;
				CLANG_WARN_OBJC_IMPLICIT_RETAIN_SELF = YES;
				CLANG_WARN_OBJC_LITERAL_CONVERSION = YES;
				CLANG_WARN_OBJC_ROOT_CLASS = YES_ERROR;
				CLANG_WARN_QUOTED_INCLUDE_IN_FRAMEWORK_HEADER = YES;
				CLANG_WARN_RANGE_LOOP_ANALYSIS = YES;
				CLANG_WARN_STRICT_PROTOTYPES = YES;
				CLANG_WARN_SUSPICIOUS_MOVE = YES;
				CLANG_WARN_UNGUARDED_AVAILABILITY = YES_AGGRESSIVE;
				CLANG_WARN_UNREACHABLE_CODE = YES;
				CLANG_WARN__DUPLICATE_METHOD_MATCH = YES;
				COPY_PHASE_STRIP = NO;
				DEBUG_INFORMATION_FORMAT = "dwarf-with-dsym";
				DEVELOPMENT_TEAM = GL68YHD2EQ;
				ENABLE_NS_ASSERTIONS = NO;
				ENABLE_STRICT_OBJC_MSGSEND = YES;
				ENABLE_USER_SCRIPT_SANDBOXING = YES;
				GCC_C_LANGUAGE_STANDARD = gnu17;
				GCC_NO_COMMON_BLOCKS = YES;
				GCC_WARN_64_TO_32_BIT_CONVERSION = YES;
				GCC_WARN_ABOUT_RETURN_TYPE = YES_ERROR;
				GCC_WARN_UNDECLARED_SELECTOR = YES;
				GCC_WARN_UNINITIALIZED_AUTOS = YES_AGGRESSIVE;
				GCC_WARN_UNUSED_FUNCTION = YES;
				GCC_WARN_UNUSED_VARIABLE = YES;
				IPHONEOS_DEPLOYMENT_TARGET = 26.2;
				LOCALIZATION_PREFERS_STRING_CATALOGS = YES;
				MTL_ENABLE_DEBUG_INFO = NO;
				MTL_FAST_MATH = YES;
				SDKROOT = iphoneos;
				STRING_CATALOG_GENERATE_SYMBOLS = YES;
				SWIFT_COMPILATION_MODE = wholemodule;
				VALIDATE_PRODUCT = YES;
			};
			name = Release;
		};
		F5BE6AD62F6C6E0B0001EF7F /* Debug */ = {
			isa = XCBuildConfiguration;
			buildSettings = {
				BUNDLE_LOADER = "$(TEST_HOST)";
				CODE_SIGN_STYLE = Automatic;
				CURRENT_PROJECT_VERSION = 3;
				DEVELOPMENT_TEAM = GL68YHD2EQ;
				GENERATE_INFOPLIST_FILE = YES;
				IPHONEOS_DEPLOYMENT_TARGET = 26.2;
				MARKETING_VERSION = 1.0.0;
				PRODUCT_BUNDLE_IDENTIFIER = "com.lukbro.atomichabits.Habit-CoreTests";
				PRODUCT_NAME = "$(TARGET_NAME)";
				STRING_CATALOG_GENERATE_SYMBOLS = NO;
				SWIFT_APPROACHABLE_CONCURRENCY = YES;
				SWIFT_EMIT_LOC_STRINGS = NO;
				SWIFT_UPCOMING_FEATURE_MEMBER_IMPORT_VISIBILITY = YES;
				SWIFT_VERSION = 6.0;
				TARGETED_DEVICE_FAMILY = 1;
				TEST_HOST = "$(BUILT_PRODUCTS_DIR)/Habit Core.app/$(BUNDLE_EXECUTABLE_FOLDER_PATH)/Habit Core";
			};
			name = Debug;
		};
		F5BE6AD72F6C6E0B0001EF7F /* Release */ = {
			isa = XCBuildConfiguration;
			buildSettings = {
				BUNDLE_LOADER = "$(TEST_HOST)";
				CODE_SIGN_STYLE = Automatic;
				CURRENT_PROJECT_VERSION = 3;
				DEVELOPMENT_TEAM = GL68YHD2EQ;
				GENERATE_INFOPLIST_FILE = YES;
				IPHONEOS_DEPLOYMENT_TARGET = 26.2;
				MARKETING_VERSION = 1.0.0;
				PRODUCT_BUNDLE_IDENTIFIER = "com.lukbro.atomichabits.Habit-CoreTests";
				PRODUCT_NAME = "$(TARGET_NAME)";
				STRING_CATALOG_GENERATE_SYMBOLS = NO;
				SWIFT_APPROACHABLE_CONCURRENCY = YES;
				SWIFT_EMIT_LOC_STRINGS = NO;
				SWIFT_UPCOMING_FEATURE_MEMBER_IMPORT_VISIBILITY = YES;
				SWIFT_VERSION = 6.0;
				TARGETED_DEVICE_FAMILY = 1;
				TEST_HOST = "$(BUILT_PRODUCTS_DIR)/Habit Core.app/$(BUNDLE_EXECUTABLE_FOLDER_PATH)/Habit Core";
			};
			name = Release;
		};
		F5BE6AD92F6C6E0B0001EF7F /* Debug */ = {
			isa = XCBuildConfiguration;
			buildSettings = {
				CODE_SIGN_STYLE = Automatic;
				CURRENT_PROJECT_VERSION = 3;
				DEVELOPMENT_TEAM = GL68YHD2EQ;
				GENERATE_INFOPLIST_FILE = YES;
				MARKETING_VERSION = 1.0.0;
				PRODUCT_BUNDLE_IDENTIFIER = "com.lukbro.atomichabits.Habit-CoreUITests";
				PRODUCT_NAME = "$(TARGET_NAME)";
				STRING_CATALOG_GENERATE_SYMBOLS = NO;
				SWIFT_APPROACHABLE_CONCURRENCY = YES;
				SWIFT_EMIT_LOC_STRINGS = NO;
				SWIFT_UPCOMING_FEATURE_MEMBER_IMPORT_VISIBILITY = YES;
				SWIFT_VERSION = 6.0;
				TARGETED_DEVICE_FAMILY = 1;
				TEST_TARGET_NAME = "Habit Core";
			};
			name = Debug;
		};
		F5BE6ADA2F6C6E0B0001EF7F /* Release */ = {
			isa = XCBuildConfiguration;
			buildSettings = {
				CODE_SIGN_STYLE = Automatic;
				CURRENT_PROJECT_VERSION = 3;
				DEVELOPMENT_TEAM = GL68YHD2EQ;
				GENERATE_INFOPLIST_FILE = YES;
				MARKETING_VERSION = 1.0.0;
				PRODUCT_BUNDLE_IDENTIFIER = "com.lukbro.atomichabits.Habit-CoreUITests";
				PRODUCT_NAME = "$(TARGET_NAME)";
				STRING_CATALOG_GENERATE_SYMBOLS = NO;
				SWIFT_APPROACHABLE_CONCURRENCY = YES;
				SWIFT_EMIT_LOC_STRINGS = NO;
				SWIFT_UPCOMING_FEATURE_MEMBER_IMPORT_VISIBILITY = YES;
				SWIFT_VERSION = 6.0;
				TARGETED_DEVICE_FAMILY = 1;
				TEST_TARGET_NAME = "Habit Core";
			};
			name = Release;
		};
/* End XCBuildConfiguration section */

/* Begin XCConfigurationList section */
		F58A11DF306A587E007F86EE /* Build configuration list for PBXNativeTarget "Habit Core WidgetExtension" */ = {
			isa = XCConfigurationList;
			buildConfigurations = (
				F58A11E0306A587E007F86EE /* Debug */,
				F58A11E1306A587E007F86EE /* Release */,
			);
			defaultConfigurationIsVisible = 0;
			defaultConfigurationName = Release;
		};
		F5BE6AA42F6C6E090001EF7F /* Build configuration list for PBXProject "Habit Core" */ = {
			isa = XCConfigurationList;
			buildConfigurations = (
				F5BE6AD32F6C6E0B0001EF7F /* Debug */,
				F5BE6AD42F6C6E0B0001EF7F /* Release */,
			);
			defaultConfigurationIsVisible = 0;
			defaultConfigurationName = Release;
		};
		F5BE6AD02F6C6E0B0001EF7F /* Build configuration list for PBXNativeTarget "Habit Core" */ = {
			isa = XCConfigurationList;
			buildConfigurations = (
				F5BE6AD12F6C6E0B0001EF7F /* Debug */,
				F5BE6AD22F6C6E0B0001EF7F /* Release */,
			);
			defaultConfigurationIsVisible = 0;
			defaultConfigurationName = Release;
		};
		F5BE6AD52F6C6E0B0001EF7F /* Build configuration list for PBXNativeTarget "Habit CoreTests" */ = {
			isa = XCConfigurationList;
			buildConfigurations = (
				F5BE6AD62F6C6E0B0001EF7F /* Debug */,
				F5BE6AD72F6C6E0B0001EF7F /* Release */,
			);
			defaultConfigurationIsVisible = 0;
			defaultConfigurationName = Release;
		};
		F5BE6AD82F6C6E0B0001EF7F /* Build configuration list for PBXNativeTarget "Habit CoreUITests" */ = {
			isa = XCConfigurationList;
			buildConfigurations = (
				F5BE6AD92F6C6E0B0001EF7F /* Debug */,
				F5BE6ADA2F6C6E0B0001EF7F /* Release */,
			);
			defaultConfigurationIsVisible = 0;
			defaultConfigurationName = Release;
		};
/* End XCConfigurationList section */
	};
	rootObject = F5BE6AA12F6C6E090001EF7F /* Project object */;
}
