// !$*UTF8*$!
{
	archiveVersion = 1;
	classes = {
	};
	objectVersion = 77;
	objects = {

/* Begin PBXContainerItemProxy section */
		F5BE6ABE2F6C6E0B0001EF7F /* PBXContainerItemProxy */ = {
			isa = PBXContainerItemProxy;
			containerPortal = F5BE6AA12F6C6E090001EF7F /* Project object */;
			proxyType = 1;
			remoteGlobalIDString = F5BE6AA82F6C6E090001EF7F;
			remoteInfo = "Habit Core";
		};
		F5BE6AC82F6C6E0B0001EF7F /* PBXContainerItemProxy */ = {
			isa = PBXContainerItemProxy;
			containerPortal = F5BE6AA12F6C6E090001EF7F /* Project object */;
			proxyType = 1;
			remoteGlobalIDString = F5BE6AA82F6C6E090001EF7F;
			remoteInfo = "Habit Core";
		};
/* End PBXContainerItemProxy section */

/* Begin PBXFileReference section */
		F5BE6AA92F6C6E090001EF7F /* Habit Core.app */ = {isa = PBXFileReference; explicitFileType = wrapper.application; includeInIndex = 0; path = "Habit Core.app"; sourceTree = BUILT_PRODUCTS_DIR; };
		F5BE6ABD2F6C6E0B0001EF7F /* Habit CoreTests.xctest */ = {isa = PBXFileReference; explicitFileType = wrapper.cfbundle; includeInIndex = 0; path = "Habit CoreTests.xctest"; sourceTree = BUILT_PRODUCTS_DIR; };
		F5BE6AC72F6C6E0B0001EF7F /* Habit CoreUITests.xctest */ = {isa = PBXFileReference; explicitFileType = wrapper.cfbundle; includeInIndex = 0; path = "Habit CoreUITests.xctest"; sourceTree = BUILT_PRODUCTS_DIR; };
/* End PBXFileReference section */

/* Begin PBXFileSystemSynchronizedBuildFileExceptionSet section */
		F5BE6ACF2F6C6E0B0001EF7F /* Exceptions for "Habit Core" folder in "Habit Core" target */ = {
			isa = PBXFileSystemSynchronizedBuildFileExceptionSet;
			membershipExceptions = (
				Info.plist,
			);
			target = F5BE6AA82F6C6E090001EF7F /* Habit Core */;
		};
/* End PBXFileSystemSynchronizedBuildFileExceptionSet section */

/* Begin PBXFileSystemSynchronizedRootGroup section */
		F5BE6AAB2F6C6E090001EF7F /* Habit Core */ = {
			isa = PBXFileSystemSynchronizedRootGroup;
			exceptions = (
				F5BE6ACF2F6C6E0B0001EF7F /* Exceptions for "Habit Core" folder in "Habit Core" target */,
			);
			path = "Habit Core";
			sourceTree = "<group>";
		};
		F5BE6AC02F6C6E0B0001EF7F /* Habit CoreTests */ = {
			isa = PBXFileSystemSynchronizedRootGroup;
			path = "Habit CoreTests";
			sourceTree = "<group>";
		};
		F5BE6ACA2F6C6E0B0001EF7F /* Habit CoreUITests */ = {
			isa = PBXFileSystemSynchronizedRootGroup;
			path = "Habit CoreUITests";
			sourceTree = "<group>";
		};
/* End PBXFileSystemSynchronizedRootGroup section */

/* Begin PBXFrameworksBuildPhase section */
		F5BE6AA62F6C6E090001EF7F /* Frameworks */ = {
			isa = PBXFrameworksBuildPhase;
			buildActionMask = 2147483647;
			files = (
			);
			runOnlyForDeploymentPostprocessing = 0;
		};
		F5BE6ABA2F6C6E0B0001EF7F /* Frameworks */ = {
			isa = PBXFrameworksBuildPhase;
			buildActionMask = 2147483647;
			files = (
			);
			runOnlyForDeploymentPostprocessing = 0;
		};
		F5BE6AC42F6C6E0B0001EF7F /* Frameworks */ = {
			isa = PBXFrameworksBuildPhase;
			buildActionMask = 2147483647;
			files = (
			);
			runOnlyForDeploymentPostprocessing = 0;
		};
/* End PBXFrameworksBuildPhase section */

/* Begin PBXGroup section */
		F5BE6AA02F6C6E090001EF7F = {
			isa = PBXGroup;
			children = (
				F5BE6AAB2F6C6E090001EF7F /* Habit Core */,
				F5BE6AC02F6C6E0B0001EF7F /* Habit CoreTests */,
				F5BE6ACA2F6C6E0B0001EF7F /* Habit CoreUITests */,
				F5BE6AAA2F6C6E090001EF7F /* Products */,
			);
			sourceTree = "<group>";
		};
		F5BE6AAA2F6C6E090001EF7F /* Products */ = {
			isa = PBXGroup;
			children = (
				F5BE6AA92F6C6E090001EF7F /* Habit Core.app */,
				F5BE6ABD2F6C6E0B0001EF7F /* Habit CoreTests.xctest */,
				F5BE6AC72F6C6E0B0001EF7F /* Habit CoreUITests.xctest */,
			);
			name = Products;
			sourceTree = "<group>";
		};
/* End PBXGroup section */

/* Begin PBXNativeTarget section */
		F5BE6AA82F6C6E090001EF7F /* Habit Core */ = {
			isa = PBXNativeTarget;
			buildConfigurationList = F5BE6AD02F6C6E0B0001EF7F /* Build configuration list for PBXNativeTarget "Habit Core" */;
			buildPhases = (
				F5BE6AA52F6C6E090001EF7F /* Sources */,
				F5BE6AA62F6C6E090001EF7F /* Frameworks */,
				F5BE6AA72F6C6E090001EF7F /* Resources */,
			);
			buildRules = (
			);
			dependencies = (
			);
			fileSystemSynchronizedGroups = (
				F5BE6AAB2F6C6E090001EF7F /* Habit Core */,
			);
			name = "Habit Core";
			packageProductDependencies = (
			);
			productName = "Habit Core";
			productReference = F5BE6AA92F6C6E090001EF7F /* Habit Core.app */;
			productType = "com.apple.product-type.application";
		};
		F5BE6ABC2F6C6E0B0001EF7F /* Habit CoreTests */ = {
			isa = PBXNativeTarget;
			buildConfigurationList = F5BE6AD52F6C6E0B0001EF7F /* Build configuration list for PBXNativeTarget "Habit CoreTests" */;
			buildPhases = (
				F5BE6AB92F6C6E0B0001EF7F /* Sources */,
				F5BE6ABA2F6C6E0B0001EF7F /* Frameworks */,
				F5BE6ABB2F6C6E0B0001EF7F /* Resources */,
			);
			buildRules = (
			);
			dependencies = (
				F5BE6ABF2F6C6E0B0001EF7F /* PBXTargetDependency */,
			);
			fileSystemSynchronizedGroups = (
				F5BE6AC02F6C6E0B0001EF7F /* Habit CoreTests */,
			);
			name = "Habit CoreTests";
			packageProductDependencies = (
			);
			productName = "Habit CoreTests";
			productReference = F5BE6ABD2F6C6E0B0001EF7F /* Habit CoreTests.xctest */;
			productType = "com.apple.product-type.bundle.unit-test";
		};
		F5BE6AC62F6C6E0B0001EF7F /* Habit CoreUITests */ = {
			isa = PBXNativeTarget;
			buildConfigurationList = F5BE6AD82F6C6E0B0001EF7F /* Build configuration list for PBXNativeTarget "Habit CoreUITests" */;
			buildPhases = (
				F5BE6AC32F6C6E0B0001EF7F /* Sources */,
				F5BE6AC42F6C6E0B0001EF7F /* Frameworks */,
				F5BE6AC52F6C6E0B0001EF7F /* Resources */,
			);
			buildRules = (
			);
			dependencies = (
				F5BE6AC92F6C6E0B0001EF7F /* PBXTargetDependency */,
			);
			fileSystemSynchronizedGroups = (
				F5BE6ACA2F6C6E0B0001EF7F /* Habit CoreUITests */,
			);
			name = "Habit CoreUITests";
			packageProductDependencies = (
			);
			productName = "Habit CoreUITests";
			productReference = F5BE6AC72F6C6E0B0001EF7F /* Habit CoreUITests.xctest */;
			productType = "com.apple.product-type.bundle.ui-testing";
		};
/* End PBXNativeTarget section */

/* Begin PBXProject section */
		F5BE6AA12F6C6E090001EF7F /* Project object */ = {
			isa = PBXProject;
			attributes = {
				BuildIndependentTargetsInParallel = 1;
				LastSwiftUpdateCheck = 2630;
				LastUpgradeCheck = 2630;
				TargetAttributes = {
					F5BE6AA82F6C6E090001EF7F = {
						CreatedOnToolsVersion = 26.3;
					};
					F5BE6ABC2F6C6E0B0001EF7F = {
						CreatedOnToolsVersion = 26.3;
						TestTargetID = F5BE6AA82F6C6E090001EF7F;
					};
					F5BE6AC62F6C6E0B0001EF7F = {
						CreatedOnToolsVersion = 26.3;
						TestTargetID = F5BE6AA82F6C6E090001EF7F;
					};
				};
			};
			buildConfigurationList = F5BE6AA42F6C6E090001EF7F /* Build configuration list for PBXProject "Habit Core" */;
			developmentRegion = en;
			hasScannedForEncodings = 0;
			knownRegions = (
				en,
				Base,
			);
			mainGroup = F5BE6AA02F6C6E090001EF7F;
			minimizedProjectReferenceProxies = 1;
			preferredProjectObjectVersion = 77;
			productRefGroup = F5BE6AAA2F6C6E090001EF7F /* Products */;
			projectDirPath = "";
			projectRoot = "";
			targets = (
				F5BE6AA82F6C6E090001EF7F /* Habit Core */,
				F5BE6ABC2F6C6E0B0001EF7F /* Habit CoreTests */,
				F5BE6AC62F6C6E0B0001EF7F /* Habit CoreUITests */,
			);
		};
/* End PBXProject section */

/* Begin PBXResourcesBuildPhase section */
		F5BE6AA72F6C6E090001EF7F /* Resources */ = {
			isa = PBXResourcesBuildPhase;
			buildActionMask = 2147483647;
			files = (
			);
			runOnlyForDeploymentPostprocessing = 0;
		};
		F5BE6ABB2F6C6E0B0001EF7F /* Resources */ = {
			isa = PBXResourcesBuildPhase;
			buildActionMask = 2147483647;
			files = (
			);
			runOnlyForDeploymentPostprocessing = 0;
		};
		F5BE6AC52F6C6E0B0001EF7F /* Resources */ = {
			isa = PBXResourcesBuildPhase;
			buildActionMask = 2147483647;
			files = (
			);
			runOnlyForDeploymentPostprocessing = 0;
		};
/* End PBXResourcesBuildPhase section */

/* Begin PBXSourcesBuildPhase section */
		F5BE6AA52F6C6E090001EF7F /* Sources */ = {
			isa = PBXSourcesBuildPhase;
			buildActionMask = 2147483647;
			files = (
			);
			runOnlyForDeploymentPostprocessing = 0;
		};
		F5BE6AB92F6C6E0B0001EF7F /* Sources */ = {
			isa = PBXSourcesBuildPhase;
			buildActionMask = 2147483647;
			files = (
			);
			runOnlyForDeploymentPostprocessing = 0;
		};
		F5BE6AC32F6C6E0B0001EF7F /* Sources */ = {
			isa = PBXSourcesBuildPhase;
			buildActionMask = 2147483647;
			files = (
			);
			runOnlyForDeploymentPostprocessing = 0;
		};
/* End PBXSourcesBuildPhase section */

/* Begin PBXTargetDependency section */
		F5BE6ABF2F6C6E0B0001EF7F /* PBXTargetDependency */ = {
			isa = PBXTargetDependency;
			target = F5BE6AA82F6C6E090001EF7F /* Habit Core */;
			targetProxy = F5BE6ABE2F6C6E0B0001EF7F /* PBXContainerItemProxy */;
		};
		F5BE6AC92F6C6E0B0001EF7F /* PBXTargetDependency */ = {
			isa = PBXTargetDependency;
			target = F5BE6AA82F6C6E090001EF7F /* Habit Core */;
			targetProxy = F5BE6AC82F6C6E0B0001EF7F /* PBXContainerItemProxy */;
		};
/* End PBXTargetDependency section */

/* Begin XCBuildConfiguration section */
		F5BE6AD12F6C6E0B0001EF7F /* Debug */ = {
			isa = XCBuildConfiguration;
			buildSettings = {
				ASSETCATALOG_COMPILER_APPICON_NAME = AppIcon;
				ASSETCATALOG_COMPILER_GLOBAL_ACCENT_COLOR_NAME = AccentColor;
				CODE_SIGN_ENTITLEMENTS = "Habit Core/Habit_Core.entitlements";
				CODE_SIGN_STYLE = Automatic;
				CURRENT_PROJECT_VERSION = 1;
				DEVELOPMENT_TEAM = GL68YHD2EQ;
				ENABLE_PREVIEWS = YES;
				GENERATE_INFOPLIST_FILE = YES;
				INFOPLIST_FILE = "Habit Core/Info.plist";
				INFOPLIST_KEY_UIApplicationSceneManifest_Generation = YES;
				INFOPLIST_KEY_UIApplicationSupportsIndirectInputEvents = YES;
				INFOPLIST_KEY_UILaunchScreen_Generation = YES;
				INFOPLIST_KEY_UISupportedInterfaceOrientations_iPad = "UIInterfaceOrientationPortrait UIInterfaceOrientationPortraitUpsideDown UIInterfaceOrientationLandscapeLeft UIInterfaceOrientationLandscapeRight";
				INFOPLIST_KEY_UISupportedInterfaceOrientations_iPhone = "UIInterfaceOrientationPortrait UIInterfaceOrientationLandscapeLeft UIInterfaceOrientationLandscapeRight";
				LD_RUNPATH_SEARCH_PATHS = (
					"$(inherited)",
					"@executable_path/Frameworks",
				);
				MARKETING_VERSION = 1.0;
				PRODUCT_BUNDLE_IDENTIFIER = "com.lukbro.atomichabits.Habit-Core";
				PRODUCT_NAME = "$(TARGET_NAME)";
				STRING_CATALOG_GENERATE_SYMBOLS = YES;
				SWIFT_APPROACHABLE_CONCURRENCY = YES;
				SWIFT_DEFAULT_ACTOR_ISOLATION = MainActor;
				SWIFT_EMIT_LOC_STRINGS = YES;
				SWIFT_UPCOMING_FEATURE_MEMBER_IMPORT_VISIBILITY = YES;
				SWIFT_VERSION = 5.0;
				TARGETED_DEVICE_FAMILY = "1,2";
			};
			name = Debug;
		};
		F5BE6AD22F6C6E0B0001EF7F /* Release */ = {
			isa = XCBuildConfiguration;
			buildSettings = {
				ASSETCATALOG_COMPILER_APPICON_NAME = AppIcon;
				ASSETCATALOG_COMPILER_GLOBAL_ACCENT_COLOR_NAME = AccentColor;
				CODE_SIGN_ENTITLEMENTS = "Habit Core/Habit_Core.entitlements";
				CODE_SIGN_STYLE = Automatic;
				CURRENT_PROJECT_VERSION = 1;
				DEVELOPMENT_TEAM = GL68YHD2EQ;
				ENABLE_PREVIEWS = YES;
				GENERATE_INFOPLIST_FILE = YES;
				INFOPLIST_FILE = "Habit Core/Info.plist";
				INFOPLIST_KEY_UIApplicationSceneManifest_Generation = YES;
				INFOPLIST_KEY_UIApplicationSupportsIndirectInputEvents = YES;
				INFOPLIST_KEY_UILaunchScreen_Generation = YES;
				INFOPLIST_KEY_UISupportedInterfaceOrientations_iPad = "UIInterfaceOrientationPortrait UIInterfaceOrientationPortraitUpsideDown UIInterfaceOrientationLandscapeLeft UIInterfaceOrientationLandscapeRight";
				INFOPLIST_KEY_UISupportedInterfaceOrientations_iPhone = "UIInterfaceOrientationPortrait UIInterfaceOrientationLandscapeLeft UIInterfaceOrientationLandscapeRight";
				LD_RUNPATH_SEARCH_PATHS = (
					"$(inherited)",
					"@executable_path/Frameworks",
				);
				MARKETING_VERSION = 1.0;
				PRODUCT_BUNDLE_IDENTIFIER = "com.lukbro.atomichabits.Habit-Core";
				PRODUCT_NAME = "$(TARGET_NAME)";
				STRING_CATALOG_GENERATE_SYMBOLS = YES;
				SWIFT_APPROACHABLE_CONCURRENCY = YES;
				SWIFT_DEFAULT_ACTOR_ISOLATION = MainActor;
				SWIFT_EMIT_LOC_STRINGS = YES;
				SWIFT_UPCOMING_FEATURE_MEMBER_IMPORT_VISIBILITY = YES;
				SWIFT_VERSION = 5.0;
				TARGETED_DEVICE_FAMILY = "1,2";
			};
			name = Release;
		};
		F5BE6AD32F6C6E0B0001EF7F /* Debug */ = {
			isa = XCBuildConfiguration;
			buildSettings = {
				ALWAYS_SEARCH_USER_PATHS = NO;
				ASSETCATALOG_COMPILER_GENERATE_SWIFT_ASSET_SYMBOL_EXTENSIONS = YES;
				CLANG_ANALYZER_NONNULL = YES;
				CLANG_ANALYZER_NUMBER_OBJECT_CONVERSION = YES_AGGRESSIVE;
				CLANG_CXX_LANGUAGE_STANDARD = "gnu++20";
				CLANG_ENABLE_MODULES = YES;
				CLANG_ENABLE_OBJC_ARC = YES;
				CLANG_ENABLE_OBJC_WEAK = YES;
				CLANG_WARN_BLOCK_CAPTURE_AUTORELEASING = YES;
				CLANG_WARN_BOOL_CONVERSION = YES;
				CLANG_WARN_COMMA = YES;
				CLANG_WARN_CONSTANT_CONVERSION = YES;
				CLANG_WARN_DEPRECATED_OBJC_IMPLEMENTATIONS = YES;
				CLANG_WARN_DIRECT_OBJC_ISA_USAGE = YES_ERROR;
				CLANG_WARN_DOCUMENTATION_COMMENTS = YES;
				CLANG_WARN_EMPTY_BODY = YES;
				CLANG_WARN_ENUM_CONVERSION = YES;
				CLANG_WARN_INFINITE_RECURSION = YES;
				CLANG_WARN_INT_CONVERSION = YES;
				CLANG_WARN_NON_LITERAL_NULL_CONVERSION = YES;
				CLANG_WARN_OBJC_IMPLICIT_RETAIN_SELF = YES;
				CLANG_WARN_OBJC_LITERAL_CONVERSION = YES;
				CLANG_WARN_OBJC_ROOT_CLASS = YES_ERROR;
				CLANG_WARN_QUOTED_INCLUDE_IN_FRAMEWORK_HEADER = YES;
				CLANG_WARN_RANGE_LOOP_ANALYSIS = YES;
				CLANG_WARN_STRICT_PROTOTYPES = YES;
				CLANG_WARN_SUSPICIOUS_MOVE = YES;
				CLANG_WARN_UNGUARDED_AVAILABILITY = YES_AGGRESSIVE;
				CLANG_WARN_UNREACHABLE_CODE = YES;
				CLANG_WARN__DUPLICATE_METHOD_MATCH = YES;
				COPY_PHASE_STRIP = NO;
				DEBUG_INFORMATION_FORMAT = dwarf;
				DEVELOPMENT_TEAM = GL68YHD2EQ;
				ENABLE_STRICT_OBJC_MSGSEND = YES;
				ENABLE_TESTABILITY = YES;
				ENABLE_USER_SCRIPT_SANDBOXING = YES;
				GCC_C_LANGUAGE_STANDARD = gnu17;
				GCC_DYNAMIC_NO_PIC = NO;
				GCC_NO_COMMON_BLOCKS = YES;
				GCC_OPTIMIZATION_LEVEL = 0;
				GCC_PREPROCESSOR_DEFINITIONS = (
					"DEBUG=1",
					"$(inherited)",
				);
				GCC_WARN_64_TO_32_BIT_CONVERSION = YES;
				GCC_WARN_ABOUT_RETURN_TYPE = YES_ERROR;
				GCC_WARN_UNDECLARED_SELECTOR = YES;
				GCC_WARN_UNINITIALIZED_AUTOS = YES_AGGRESSIVE;
				GCC_WARN_UNUSED_FUNCTION = YES;
				GCC_WARN_UNUSED_VARIABLE = YES;
				IPHONEOS_DEPLOYMENT_TARGET = 26.2;
				LOCALIZATION_PREFERS_STRING_CATALOGS = YES;
				MTL_ENABLE_DEBUG_INFO = INCLUDE_SOURCE;
				MTL_FAST_MATH = YES;
				ONLY_ACTIVE_ARCH = YES;
				SDKROOT = iphoneos;
				SWIFT_ACTIVE_COMPILATION_CONDITIONS = "DEBUG $(inherited)";
				SWIFT_OPTIMIZATION_LEVEL = "-Onone";
			};
			name = Debug;
		};
		F5BE6AD42F6C6E0B0001EF7F /* Release */ = {
			isa = XCBuildConfiguration;
			buildSettings = {
				ALWAYS_SEARCH_USER_PATHS = NO;
				ASSETCATALOG_COMPILER_GENERATE_SWIFT_ASSET_SYMBOL_EXTENSIONS = YES;
				CLANG_ANALYZER_NONNULL = YES;
				CLANG_ANALYZER_NUMBER_OBJECT_CONVERSION = YES_AGGRESSIVE;
				CLANG_CXX_LANGUAGE_STANDARD = "gnu++20";
				CLANG_ENABLE_MODULES = YES;
				CLANG_ENABLE_OBJC_ARC = YES;
				CLANG_ENABLE_OBJC_WEAK = YES;
				CLANG_WARN_BLOCK_CAPTURE_AUTORELEASING = YES;
				CLANG_WARN_BOOL_CONVERSION = YES;
				CLANG_WARN_COMMA = YES;
				CLANG_WARN_CONSTANT_CONVERSION = YES;
				CLANG_WARN_DEPRECATED_OBJC_IMPLEMENTATIONS = YES;
				CLANG_WARN_DIRECT_OBJC_ISA_USAGE = YES_ERROR;
				CLANG_WARN_DOCUMENTATION_COMMENTS = YES;
				CLANG_WARN_EMPTY_BODY = YES;
				CLANG_WARN_ENUM_CONVERSION = YES;
				CLANG_WARN_INFINITE_RECURSION = YES;
				CLANG_WARN_INT_CONVERSION = YES;
				CLANG_WARN_NON_LITERAL_NULL_CONVERSION = YES;
				CLANG_WARN_OBJC_IMPLICIT_RETAIN_SELF = YES;
				CLANG_WARN_OBJC_LITERAL_CONVERSION = YES;
				CLANG_WARN_OBJC_ROOT_CLASS = YES_ERROR;
				CLANG_WARN_QUOTED_INCLUDE_IN_FRAMEWORK_HEADER = YES;
				CLANG_WARN_RANGE_LOOP_ANALYSIS = YES;
				CLANG_WARN_STRICT_PROTOTYPES = YES;
				CLANG_WARN_SUSPICIOUS_MOVE = YES;
				CLANG_WARN_UNGUARDED_AVAILABILITY = YES_AGGRESSIVE;
				CLANG_WARN_UNREACHABLE_CODE = YES;
				CLANG_WARN__DUPLICATE_METHOD_MATCH = YES;
				COPY_PHASE_STRIP = NO;
				DEBUG_INFORMATION_FORMAT = "dwarf-with-dsym";
				DEVELOPMENT_TEAM = GL68YHD2EQ;
				ENABLE_NS_ASSERTIONS = NO;
				ENABLE_STRICT_OBJC_MSGSEND = YES;
				ENABLE_USER_SCRIPT_SANDBOXING = YES;
				GCC_C_LANGUAGE_STANDARD = gnu17;
				GCC_NO_COMMON_BLOCKS = YES;
				GCC_WARN_64_TO_32_BIT_CONVERSION = YES;
				GCC_WARN_ABOUT_RETURN_TYPE = YES_ERROR;
				GCC_WARN_UNDECLARED_SELECTOR = YES;
				GCC_WARN_UNINITIALIZED_AUTOS = YES_AGGRESSIVE;
				GCC_WARN_UNUSED_FUNCTION = YES;
				GCC_WARN_UNUSED_VARIABLE = YES;
				IPHONEOS_DEPLOYMENT_TARGET = 26.2;
				LOCALIZATION_PREFERS_STRING_CATALOGS = YES;
				MTL_ENABLE_DEBUG_INFO = NO;
				MTL_FAST_MATH = YES;
				SDKROOT = iphoneos;
				SWIFT_COMPILATION_MODE = wholemodule;
				VALIDATE_PRODUCT = YES;
			};
			name = Release;
		};
		F5BE6AD62F6C6E0B0001EF7F /* Debug */ = {
			isa = XCBuildConfiguration;
			buildSettings = {
				BUNDLE_LOADER = "$(TEST_HOST)";
				CODE_SIGN_STYLE = Automatic;
				CURRENT_PROJECT_VERSION = 1;
				DEVELOPMENT_TEAM = GL68YHD2EQ;
				GENERATE_INFOPLIST_FILE = YES;
				IPHONEOS_DEPLOYMENT_TARGET = 26.2;
				MARKETING_VERSION = 1.0;
				PRODUCT_BUNDLE_IDENTIFIER = "com.lukbro.atomichabits.Habit-CoreTests";
				PRODUCT_NAME = "$(TARGET_NAME)";
				STRING_CATALOG_GENERATE_SYMBOLS = NO;
				SWIFT_APPROACHABLE_CONCURRENCY = YES;
				SWIFT_EMIT_LOC_STRINGS = NO;
				SWIFT_UPCOMING_FEATURE_MEMBER_IMPORT_VISIBILITY = YES;
				SWIFT_VERSION = 5.0;
				TARGETED_DEVICE_FAMILY = "1,2";
				TEST_HOST = "$(BUILT_PRODUCTS_DIR)/Habit Core.app/$(BUNDLE_EXECUTABLE_FOLDER_PATH)/Habit Core";
			};
			name = Debug;
		};
		F5BE6AD72F6C6E0B0001EF7F /* Release */ = {
			isa = XCBuildConfiguration;
			buildSettings = {
				BUNDLE_LOADER = "$(TEST_HOST)";
				CODE_SIGN_STYLE = Automatic;
				CURRENT_PROJECT_VERSION = 1;
				DEVELOPMENT_TEAM = GL68YHD2EQ;
				GENERATE_INFOPLIST_FILE = YES;
				IPHONEOS_DEPLOYMENT_TARGET = 26.2;
				MARKETING_VERSION = 1.0;
				PRODUCT_BUNDLE_IDENTIFIER = "com.lukbro.atomichabits.Habit-CoreTests";
				PRODUCT_NAME = "$(TARGET_NAME)";
				STRING_CATALOG_GENERATE_SYMBOLS = NO;
				SWIFT_APPROACHABLE_CONCURRENCY = YES;
				SWIFT_EMIT_LOC_STRINGS = NO;
				SWIFT_UPCOMING_FEATURE_MEMBER_IMPORT_VISIBILITY = YES;
				SWIFT_VERSION = 5.0;
				TARGETED_DEVICE_FAMILY = "1,2";
				TEST_HOST = "$(BUILT_PRODUCTS_DIR)/Habit Core.app/$(BUNDLE_EXECUTABLE_FOLDER_PATH)/Habit Core";
			};
			name = Release;
		};
		F5BE6AD92F6C6E0B0001EF7F /* Debug */ = {
			isa = XCBuildConfiguration;
			buildSettings = {
				CODE_SIGN_STYLE = Automatic;
				CURRENT_PROJECT_VERSION = 1;
				DEVELOPMENT_TEAM = GL68YHD2EQ;
				GENERATE_INFOPLIST_FILE = YES;
				MARKETING_VERSION = 1.0;
				PRODUCT_BUNDLE_IDENTIFIER = "com.lukbro.atomichabits.Habit-CoreUITests";
				PRODUCT_NAME = "$(TARGET_NAME)";
				STRING_CATALOG_GENERATE_SYMBOLS = NO;
				SWIFT_APPROACHABLE_CONCURRENCY = YES;
				SWIFT_EMIT_LOC_STRINGS = NO;
				SWIFT_UPCOMING_FEATURE_MEMBER_IMPORT_VISIBILITY = YES;
				SWIFT_VERSION = 5.0;
				TARGETED_DEVICE_FAMILY = "1,2";
				TEST_TARGET_NAME = "Habit Core";
			};
			name = Debug;
		};
		F5BE6ADA2F6C6E0B0001EF7F /* Release */ = {
			isa = XCBuildConfiguration;
			buildSettings = {
				CODE_SIGN_STYLE = Automatic;
				CURRENT_PROJECT_VERSION = 1;
				DEVELOPMENT_TEAM = GL68YHD2EQ;
				GENERATE_INFOPLIST_FILE = YES;
				MARKETING_VERSION = 1.0;
				PRODUCT_BUNDLE_IDENTIFIER = "com.lukbro.atomichabits.Habit-CoreUITests";
				PRODUCT_NAME = "$(TARGET_NAME)";
				STRING_CATALOG_GENERATE_SYMBOLS = NO;
				SWIFT_APPROACHABLE_CONCURRENCY = YES;
				SWIFT_EMIT_LOC_STRINGS = NO;
				SWIFT_UPCOMING_FEATURE_MEMBER_IMPORT_VISIBILITY = YES;
				SWIFT_VERSION = 5.0;
				TARGETED_DEVICE_FAMILY = "1,2";
				TEST_TARGET_NAME = "Habit Core";
			};
			name = Release;
		};
/* End XCBuildConfiguration section */

/* Begin XCConfigurationList section */
		F5BE6AA42F6C6E090001EF7F /* Build configuration list for PBXProject "Habit Core" */ = {
			isa = XCConfigurationList;
			buildConfigurations = (
				F5BE6AD32F6C6E0B0001EF7F /* Debug */,
				F5BE6AD42F6C6E0B0001EF7F /* Release */,
			);
			defaultConfigurationIsVisible = 0;
			defaultConfigurationName = Release;
		};
		F5BE6AD02F6C6E0B0001EF7F /* Build configuration list for PBXNativeTarget "Habit Core" */ = {
			isa = XCConfigurationList;
			buildConfigurations = (
				F5BE6AD12F6C6E0B0001EF7F /* Debug */,
				F5BE6AD22F6C6E0B0001EF7F /* Release */,
			);
			defaultConfigurationIsVisible = 0;
			defaultConfigurationName = Release;
		};
		F5BE6AD52F6C6E0B0001EF7F /* Build configuration list for PBXNativeTarget "Habit CoreTests" */ = {
			isa = XCConfigurationList;
			buildConfigurations = (
				F5BE6AD62F6C6E0B0001EF7F /* Debug */,
				F5BE6AD72F6C6E0B0001EF7F /* Release */,
			);
			defaultConfigurationIsVisible = 0;
			defaultConfigurationName = Release;
		};
		F5BE6AD82F6C6E0B0001EF7F /* Build configuration list for PBXNativeTarget "Habit CoreUITests" */ = {
			isa = XCConfigurationList;
			buildConfigurations = (
				F5BE6AD92F6C6E0B0001EF7F /* Debug */,
				F5BE6ADA2F6C6E0B0001EF7F /* Release */,
			);
			defaultConfigurationIsVisible = 0;
			defaultConfigurationName = Release;
		};
/* End XCConfigurationList section */
	};
	rootObject = F5BE6AA12F6C6E090001EF7F /* Project object */;
}
